
Microsoft Visual Studio Solution File, Format Version 12.00
# Visual Studio 15
VisualStudioVersion = 15.0.28010.2048
MinimumVisualStudioVersion = 10.0.40219.1
Project("{9A19103F-16F7-4668-BE54-9A1E7A4F7556}") = "Shipwreck.ClickOnce.Manifest", "Shipwreck.ClickOnce.Manifest\Shipwreck.ClickOnce.Manifest.csproj", "{47253C09-1134-462A-9D9F-0C487FA3AAF8}"
EndProject
Project("{FAE04EC0-301F-11D3-BF4B-00C04F79EFBC}") = "Shipwreck.ClickOnce.Manifest.TestApp", "Shipwreck.ClickOnce.Manifest.TestApp\Shipwreck.ClickOnce.Manifest.TestApp.csproj", "{5C938BC7-F25F-4303-8897-CC3BCA92A117}"
EndProject
Project("{FAE04EC0-301F-11D3-BF4B-00C04F79EFBC}") = "Shipwreck.ClickOnce.Manifest.Demo", "Shipwreck.ClickOnce.Manifest.Demo\Shipwreck.ClickOnce.Manifest.Demo.csproj", "{60AFF585-69BD-40C0-82B3-1CD9016A82B6}"
EndProject
Project("{FAE04EC0-301F-11D3-BF4B-00C04F79EFBC}") = "Shipwreck.ClickOnce.Manifest.Tests", "Shipwreck.ClickOnce.Manifest.Tests\Shipwreck.ClickOnce.Manifest.Tests.csproj", "{7651769E-32BE-4404-90E6-DAC9A04739D1}"
EndProject
Global
	GlobalSection(SolutionConfigurationPlatforms) = preSolution
		Debug|Any CPU = Debug|Any CPU
		Release|Any CPU = Release|Any CPU
	EndGlobalSection
	GlobalSection(ProjectConfigurationPlatforms) = postSolution
		{47253C09-1134-462A-9D9F-0C487FA3AAF8}.Debug|Any CPU.ActiveCfg = Debug|Any CPU
		{47253C09-1134-462A-9D9F-0C487FA3AAF8}.Debug|Any CPU.Build.0 = Debug|Any CPU
		{47253C09-1134-462A-9D9F-0C487FA3AAF8}.Release|Any CPU.ActiveCfg = Release|Any CPU
		{47253C09-1134-462A-9D9F-0C487FA3AAF8}.Release|Any CPU.Build.0 = Release|Any CPU
		{5C938BC7-F25F-4303-8897-CC3BCA92A117}.Debug|Any CPU.ActiveCfg = Release|Any CPU
		{5C938BC7-F25F-4303-8897-CC3BCA92A117}.Debug|Any CPU.Build.0 = Release|Any CPU
		{5C938BC7-F25F-4303-8897-CC3BCA92A117}.Release|Any CPU.ActiveCfg = Release|Any CPU
		{5C938BC7-F25F-4303-8897-CC3BCA92A117}.Release|Any CPU.Build.0 = Release|Any CPU
		{60AFF585-69BD-40C0-82B3-1CD9016A82B6}.Debug|Any CPU.ActiveCfg = Debug|Any CPU
		{60AFF585-69BD-40C0-82B3-1CD9016A82B6}.Debug|Any CPU.Build.0 = Debug|Any CPU
		{60AFF585-69BD-40C0-82B3-1CD9016A82B6}.Release|Any CPU.ActiveCfg = Release|Any CPU
		{60AFF585-69BD-40C0-82B3-1CD9016A82B6}.Release|Any CPU.Build.0 = Release|Any CPU
		{7651769E-32BE-4404-90E6-DAC9A04739D1}.Debug|Any CPU.ActiveCfg = Debug|Any CPU
		{7651769E-32BE-4404-90E6-DAC9A04739D1}.Debug|Any CPU.Build.0 = Debug|Any CPU
		{7651769E-32BE-4404-90E6-DAC9A04739D1}.Release|Any CPU.ActiveCfg = Release|Any CPU
		{7651769E-32BE-4404-90E6-DAC9A04739D1}.Release|Any CPU.Build.0 = Release|Any CPU
	EndGlobalSection
	GlobalSection(SolutionProperties) = preSolution
		HideSolutionNode = FALSE
	EndGlobalSection
	GlobalSection(ExtensibilityGlobals) = postSolution
		SolutionGuid = {BA5C2688-DB0F-4691-A6FE-D96FD36BD8AF}
	EndGlobalSection
EndGlobal
